
Microsoft Visual Studio Solution File, Format Version 12.00
# Visual Studio 2013
VisualStudioVersion = 12.0.21005.1
MinimumVisualStudioVersion = 10.0.40219.1
Project("{8BC9CEB8-8B4A-11D0-8D11-00A0C91BC942}") = "cpp_20210411-2", "cpp_20210411-2\cpp_20210411-2.vcxproj", "{63DDB8C0-CA24-4324-B642-1A414370B15F}"
EndProject
Global
	GlobalSection(SolutionConfigurationPlatforms) = preSolution
		Debug|Win32 = Debug|Win32
		Release|Win32 = Release|Win32
	EndGlobalSection
	GlobalSection(ProjectConfigurationPlatforms) = postSolution
		{63DDB8C0-CA24-4324-B642-1A414370B15F}.Debug|Win32.ActiveCfg = Debug|Win32
		{63DDB8C0-CA24-4324-B642-1A414370B15F}.Debug|Win32.Build.0 = Debug|Win32
		{63DDB8C0-CA24-4324-B642-1A414370B15F}.Release|Win32.ActiveCfg = Release|Win32
		{63DDB8C0-CA24-4324-B642-1A414370B15F}.Release|Win32.Build.0 = Release|Win32
	EndGlobalSection
	GlobalSection(SolutionProperties) = preSolution
		HideSolutionNode = FALSE
	EndGlobalSection
EndGlobal
