
Microsoft Visual Studio Solution File, Format Version 12.00
# Visual Studio 2013
VisualStudioVersion = 12.0.21005.1
MinimumVisualStudioVersion = 10.0.40219.1
Project("{8BC9CEB8-8B4A-11D0-8D11-00A0C91BC942}") = "2_20210627", "2_20210627\2_20210627.vcxproj", "{9753D3F4-2733-4CD2-84F5-E512C8DF5248}"
EndProject
Global
	GlobalSection(SolutionConfigurationPlatforms) = preSolution
		Debug|Win32 = Debug|Win32
		Release|Win32 = Release|Win32
	EndGlobalSection
	GlobalSection(ProjectConfigurationPlatforms) = postSolution
		{9753D3F4-2733-4CD2-84F5-E512C8DF5248}.Debug|Win32.ActiveCfg = Debug|Win32
		{9753D3F4-2733-4CD2-84F5-E512C8DF5248}.Debug|Win32.Build.0 = Debug|Win32
		{9753D3F4-2733-4CD2-84F5-E512C8DF5248}.Release|Win32.ActiveCfg = Release|Win32
		{9753D3F4-2733-4CD2-84F5-E512C8DF5248}.Release|Win32.Build.0 = Release|Win32
	EndGlobalSection
	GlobalSection(SolutionProperties) = preSolution
		HideSolutionNode = FALSE
	EndGlobalSection
EndGlobal
