
Microsoft Visual Studio Solution File, Format Version 12.00
# Visual Studio 2013
VisualStudioVersion = 12.0.21005.1
MinimumVisualStudioVersion = 10.0.40219.1
Project("{8BC9CEB8-8B4A-11D0-8D11-00A0C91BC942}") = "cpp_20210424", "cpp_20210424\cpp_20210424.vcxproj", "{00DC48AF-C3AA-490B-BF6F-D904B6CFA538}"
EndProject
Global
	GlobalSection(SolutionConfigurationPlatforms) = preSolution
		Debug|Win32 = Debug|Win32
		Release|Win32 = Release|Win32
	EndGlobalSection
	GlobalSection(ProjectConfigurationPlatforms) = postSolution
		{00DC48AF-C3AA-490B-BF6F-D904B6CFA538}.Debug|Win32.ActiveCfg = Debug|Win32
		{00DC48AF-C3AA-490B-BF6F-D904B6CFA538}.Debug|Win32.Build.0 = Debug|Win32
		{00DC48AF-C3AA-490B-BF6F-D904B6CFA538}.Release|Win32.ActiveCfg = Release|Win32
		{00DC48AF-C3AA-490B-BF6F-D904B6CFA538}.Release|Win32.Build.0 = Release|Win32
	EndGlobalSection
	GlobalSection(SolutionProperties) = preSolution
		HideSolutionNode = FALSE
	EndGlobalSection
EndGlobal
